// !$*UTF8*$!
{
	archiveVersion = 1;
	classes = {
	};
	objectVersion = 56;
	objects = {

/* Begin PBXBuildFile section */
		7C893B0A296BB930008C4128 /* T20230109App.swift in Sources */ = {isa = PBXBuildFile; fileRef = 7C893B09296BB930008C4128 /* T20230109App.swift */; };
		7C893B0C296BB930008C4128 /* ContentView.swift in Sources */ = {isa = PBXBuildFile; fileRef = 7C893B0B296BB930008C4128 /* ContentView.swift */; };
		7C893B0E296BB932008C4128 /* Assets.xcassets in Resources */ = {isa = PBXBuildFile; fileRef = 7C893B0D296BB932008C4128 /* Assets.xcassets */; };
		7C893B11296BB933008C4128 /* Preview Assets.xcassets in Resources */ = {isa = PBXBuildFile; fileRef = 7C893B10296BB933008C4128 /* Preview Assets.xcassets */; };
		7C893B1B296BB933008C4128 /* T20230109Tests.swift in Sources */ = {isa = PBXBuildFile; fileRef = 7C893B1A296BB933008C4128 /* T20230109Tests.swift */; };
		7C893B25296BB933008C4128 /* T20230109UITests.swift in Sources */ = {isa = PBXBuildFile; fileRef = 7C893B24296BB933008C4128 /* T20230109UITests.swift */; };
		7C893B27296BB933008C4128 /* T20230109UITestsLaunchTests.swift in Sources */ = {isa = PBXBuildFile; fileRef = 7C893B26296BB933008C4128 /* T20230109UITestsLaunchTests.swift */; };
		7C893B34296BDD44008C4128 /* takarakuzi20230109.swift in Sources */ = {isa = PBXBuildFile; fileRef = 7C893B33296BDD44008C4128 /* takarakuzi20230109.swift */; };
/* End PBXBuildFile section */

/* Begin PBXContainerItemProxy section */
		7C893B17296BB933008C4128 /* PBXContainerItemProxy */ = {
			isa = PBXContainerItemProxy;
			containerPortal = 7C893AFE296BB930008C4128 /* Project object */;
			proxyType = 1;
			remoteGlobalIDString = 7C893B05296BB930008C4128;
			remoteInfo = T20230109;
		};
		7C893B21296BB933008C4128 /* PBXContainerItemProxy */ = {
			isa = PBXContainerItemProxy;
			containerPortal = 7C893AFE296BB930008C4128 /* Project object */;
			proxyType = 1;
			remoteGlobalIDString = 7C893B05296BB930008C4128;
			remoteInfo = T20230109;
		};
/* End PBXContainerItemProxy section */

/* Begin PBXFileReference section */
		7C893B06296BB930008C4128 /* T20230109.app */ = {isa = PBXFileReference; explicitFileType = wrapper.application; includeInIndex = 0; path = T20230109.app; sourceTree = BUILT_PRODUCTS_DIR; };
		7C893B09296BB930008C4128 /* T20230109App.swift */ = {isa = PBXFileReference; lastKnownFileType = sourcecode.swift; path = T20230109App.swift; sourceTree = "<group>"; };
		7C893B0B296BB930008C4128 /* ContentView.swift */ = {isa = PBXFileReference; lastKnownFileType = sourcecode.swift; path = ContentView.swift; sourceTree = "<group>"; };
		7C893B0D296BB932008C4128 /* Assets.xcassets */ = {isa = PBXFileReference; lastKnownFileType = folder.assetcatalog; path = Assets.xcassets; sourceTree = "<group>"; };
		7C893B10296BB933008C4128 /* Preview Assets.xcassets */ = {isa = PBXFileReference; lastKnownFileType = folder.assetcatalog; path = "Preview Assets.xcassets"; sourceTree = "<group>"; };
		7C893B16296BB933008C4128 /* T20230109Tests.xctest */ = {isa = PBXFileReference; explicitFileType = wrapper.cfbundle; includeInIndex = 0; path = T20230109Tests.xctest; sourceTree = BUILT_PRODUCTS_DIR; };
		7C893B1A296BB933008C4128 /* T20230109Tests.swift */ = {isa = PBXFileReference; lastKnownFileType = sourcecode.swift; path = T20230109Tests.swift; sourceTree = "<group>"; };
		7C893B20296BB933008C4128 /* T20230109UITests.xctest */ = {isa = PBXFileReference; explicitFileType = wrapper.cfbundle; includeInIndex = 0; path = T20230109UITests.xctest; sourceTree = BUILT_PRODUCTS_DIR; };
		7C893B24296BB933008C4128 /* T20230109UITests.swift */ = {isa = PBXFileReference; lastKnownFileType = sourcecode.swift; path = T20230109UITests.swift; sourceTree = "<group>"; };
		7C893B26296BB933008C4128 /* T20230109UITestsLaunchTests.swift */ = {isa = PBXFileReference; lastKnownFileType = sourcecode.swift; path = T20230109UITestsLaunchTests.swift; sourceTree = "<group>"; };
		7C893B33296BDD44008C4128 /* takarakuzi20230109.swift */ = {isa = PBXFileReference; lastKnownFileType = sourcecode.swift; path = takarakuzi20230109.swift; sourceTree = "<group>"; };
/* End PBXFileReference section */

/* Begin PBXFrameworksBuildPhase section */
		7C893B03296BB930008C4128 /* Frameworks */ = {
			isa = PBXFrameworksBuildPhase;
			buildActionMask = 2147483647;
			files = (
			);
			runOnlyForDeploymentPostprocessing = 0;
		};
		7C893B13296BB933008C4128 /* Frameworks */ = {
			isa = PBXFrameworksBuildPhase;
			buildActionMask = 2147483647;
			files = (
			);
			runOnlyForDeploymentPostprocessing = 0;
		};
		7C893B1D296BB933008C4128 /* Frameworks */ = {
			isa = PBXFrameworksBuildPhase;
			buildActionMask = 2147483647;
			files = (
			);
			runOnlyForDeploymentPostprocessing = 0;
		};
/* End PBXFrameworksBuildPhase section */

/* Begin PBXGroup section */
		7C893AFD296BB930008C4128 = {
			isa = PBXGroup;
			children = (
				7C893B08296BB930008C4128 /* T20230109 */,
				7C893B19296BB933008C4128 /* T20230109Tests */,
				7C893B23296BB933008C4128 /* T20230109UITests */,
				7C893B07296BB930008C4128 /* Products */,
			);
			sourceTree = "<group>";
		};
		7C893B07296BB930008C4128 /* Products */ = {
			isa = PBXGroup;
			children = (
				7C893B06296BB930008C4128 /* T20230109.app */,
				7C893B16296BB933008C4128 /* T20230109Tests.xctest */,
				7C893B20296BB933008C4128 /* T20230109UITests.xctest */,
			);
			name = Products;
			sourceTree = "<group>";
		};
		7C893B08296BB930008C4128 /* T20230109 */ = {
			isa = PBXGroup;
			children = (
				7C893B09296BB930008C4128 /* T20230109App.swift */,
				7C893B0B296BB930008C4128 /* ContentView.swift */,
				7C893B33296BDD44008C4128 /* takarakuzi20230109.swift */,
				7C893B0D296BB932008C4128 /* Assets.xcassets */,
				7C893B0F296BB933008C4128 /* Preview Content */,
			);
			path = T20230109;
			sourceTree = "<group>";
		};
		7C893B0F296BB933008C4128 /* Preview Content */ = {
			isa = PBXGroup;
			children = (
				7C893B10296BB933008C4128 /* Preview Assets.xcassets */,
			);
			path = "Preview Content";
			sourceTree = "<group>";
		};
		7C893B19296BB933008C4128 /* T20230109Tests */ = {
			isa = PBXGroup;
			children = (
				7C893B1A296BB933008C4128 /* T20230109Tests.swift */,
			);
			path = T20230109Tests;
			sourceTree = "<group>";
		};
		7C893B23296BB933008C4128 /* T20230109UITests */ = {
			isa = PBXGroup;
			children = (
				7C893B24296BB933008C4128 /* T20230109UITests.swift */,
				7C893B26296BB933008C4128 /* T20230109UITestsLaunchTests.swift */,
			);
			path = T20230109UITests;
			sourceTree = "<group>";
		};
/* End PBXGroup section */

/* Begin PBXNativeTarget section */
		7C893B05296BB930008C4128 /* T20230109 */ = {
			isa = PBXNativeTarget;
			buildConfigurationList = 7C893B2A296BB933008C4128 /* Build configuration list for PBXNativeTarget "T20230109" */;
			buildPhases = (
				7C893B02296BB930008C4128 /* Sources */,
				7C893B03296BB930008C4128 /* Frameworks */,
				7C893B04296BB930008C4128 /* Resources */,
			);
			buildRules = (
			);
			dependencies = (
			);
			name = T20230109;
			productName = T20230109;
			productReference = 7C893B06296BB930008C4128 /* T20230109.app */;
			productType = "com.apple.product-type.application";
		};
		7C893B15296BB933008C4128 /* T20230109Tests */ = {
			isa = PBXNativeTarget;
			buildConfigurationList = 7C893B2D296BB933008C4128 /* Build configuration list for PBXNativeTarget "T20230109Tests" */;
			buildPhases = (
				7C893B12296BB933008C4128 /* Sources */,
				7C893B13296BB933008C4128 /* Frameworks */,
				7C893B14296BB933008C4128 /* Resources */,
			);
			buildRules = (
			);
			dependencies = (
				7C893B18296BB933008C4128 /* PBXTargetDependency */,
			);
			name = T20230109Tests;
			productName = T20230109Tests;
			productReference = 7C893B16296BB933008C4128 /* T20230109Tests.xctest */;
			productType = "com.apple.product-type.bundle.unit-test";
		};
		7C893B1F296BB933008C4128 /* T20230109UITests */ = {
			isa = PBXNativeTarget;
			buildConfigurationList = 7C893B30296BB933008C4128 /* Build configuration list for PBXNativeTarget "T20230109UITests" */;
			buildPhases = (
				7C893B1C296BB933008C4128 /* Sources */,
				7C893B1D296BB933008C4128 /* Frameworks */,
				7C893B1E296BB933008C4128 /* Resources */,
			);
			buildRules = (
			);
			dependencies = (
				7C893B22296BB933008C4128 /* PBXTargetDependency */,
			);
			name = T20230109UITests;
			productName = T20230109UITests;
			productReference = 7C893B20296BB933008C4128 /* T20230109UITests.xctest */;
			productType = "com.apple.product-type.bundle.ui-testing";
		};
/* End PBXNativeTarget section */

/* Begin PBXProject section */
		7C893AFE296BB930008C4128 /* Project object */ = {
			isa = PBXProject;
			attributes = {
				BuildIndependentTargetsInParallel = 1;
				LastSwiftUpdateCheck = 1420;
				LastUpgradeCheck = 1420;
				TargetAttributes = {
					7C893B05296BB930008C4128 = {
						CreatedOnToolsVersion = 14.2;
					};
					7C893B15296BB933008C4128 = {
						CreatedOnToolsVersion = 14.2;
						TestTargetID = 7C893B05296BB930008C4128;
					};
					7C893B1F296BB933008C4128 = {
						CreatedOnToolsVersion = 14.2;
						TestTargetID = 7C893B05296BB930008C4128;
					};
				};
			};
			buildConfigurationList = 7C893B01296BB930008C4128 /* Build configuration list for PBXProject "T20230109" */;
			compatibilityVersion = "Xcode 14.0";
			developmentRegion = en;
			hasScannedForEncodings = 0;
			knownRegions = (
				en,
				Base,
			);
			mainGroup = 7C893AFD296BB930008C4128;
			productRefGroup = 7C893B07296BB930008C4128 /* Products */;
			projectDirPath = "";
			projectRoot = "";
			targets = (
				7C893B05296BB930008C4128 /* T20230109 */,
				7C893B15296BB933008C4128 /* T20230109Tests */,
				7C893B1F296BB933008C4128 /* T20230109UITests */,
			);
		};
/* End PBXProject section */

/* Begin PBXResourcesBuildPhase section */
		7C893B04296BB930008C4128 /* Resources */ = {
			isa = PBXResourcesBuildPhase;
			buildActionMask = 2147483647;
			files = (
				7C893B11296BB933008C4128 /* Preview Assets.xcassets in Resources */,
				7C893B0E296BB932008C4128 /* Assets.xcassets in Resources */,
			);
			runOnlyForDeploymentPostprocessing = 0;
		};
		7C893B14296BB933008C4128 /* Resources */ = {
			isa = PBXResourcesBuildPhase;
			buildActionMask = 2147483647;
			files = (
			);
			runOnlyForDeploymentPostprocessing = 0;
		};
		7C893B1E296BB933008C4128 /* Resources */ = {
			isa = PBXResourcesBuildPhase;
			buildActionMask = 2147483647;
			files = (
			);
			runOnlyForDeploymentPostprocessing = 0;
		};
/* End PBXResourcesBuildPhase section */

/* Begin PBXSourcesBuildPhase section */
		7C893B02296BB930008C4128 /* Sources */ = {
			isa = PBXSourcesBuildPhase;
			buildActionMask = 2147483647;
			files = (
				7C893B0C296BB930008C4128 /* ContentView.swift in Sources */,
				7C893B34296BDD44008C4128 /* takarakuzi20230109.swift in Sources */,
				7C893B0A296BB930008C4128 /* T20230109App.swift in Sources */,
			);
			runOnlyForDeploymentPostprocessing = 0;
		};
		7C893B12296BB933008C4128 /* Sources */ = {
			isa = PBXSourcesBuildPhase;
			buildActionMask = 2147483647;
			files = (
				7C893B1B296BB933008C4128 /* T20230109Tests.swift in Sources */,
			);
			runOnlyForDeploymentPostprocessing = 0;
		};
		7C893B1C296BB933008C4128 /* Sources */ = {
			isa = PBXSourcesBuildPhase;
			buildActionMask = 2147483647;
			files = (
				7C893B27296BB933008C4128 /* T20230109UITestsLaunchTests.swift in Sources */,
				7C893B25296BB933008C4128 /* T20230109UITests.swift in Sources */,
			);
			runOnlyForDeploymentPostprocessing = 0;
		};
/* End PBXSourcesBuildPhase section */

/* Begin PBXTargetDependency section */
		7C893B18296BB933008C4128 /* PBXTargetDependency */ = {
			isa = PBXTargetDependency;
			target = 7C893B05296BB930008C4128 /* T20230109 */;
			targetProxy = 7C893B17296BB933008C4128 /* PBXContainerItemProxy */;
		};
		7C893B22296BB933008C4128 /* PBXTargetDependency */ = {
			isa = PBXTargetDependency;
			target = 7C893B05296BB930008C4128 /* T20230109 */;
			targetProxy = 7C893B21296BB933008C4128 /* PBXContainerItemProxy */;
		};
/* End PBXTargetDependency section */

/* Begin XCBuildConfiguration section */
		7C893B28296BB933008C4128 /* Debug */ = {
			isa = XCBuildConfiguration;
			buildSettings = {
				ALWAYS_SEARCH_USER_PATHS = NO;
				CLANG_ANALYZER_NONNULL = YES;
				CLANG_ANALYZER_NUMBER_OBJECT_CONVERSION = YES_AGGRESSIVE;
				CLANG_CXX_LANGUAGE_STANDARD = "gnu++20";
				CLANG_ENABLE_MODULES = YES;
				CLANG_ENABLE_OBJC_ARC = YES;
				CLANG_ENABLE_OBJC_WEAK = YES;
				CLANG_WARN_BLOCK_CAPTURE_AUTORELEASING = YES;
				CLANG_WARN_BOOL_CONVERSION = YES;
				CLANG_WARN_COMMA = YES;
				CLANG_WARN_CONSTANT_CONVERSION = YES;
				CLANG_WARN_DEPRECATED_OBJC_IMPLEMENTATIONS = YES;
				CLANG_WARN_DIRECT_OBJC_ISA_USAGE = YES_ERROR;
				CLANG_WARN_DOCUMENTATION_COMMENTS = YES;
				CLANG_WARN_EMPTY_BODY = YES;
				CLANG_WARN_ENUM_CONVERSION = YES;
				CLANG_WARN_INFINITE_RECURSION = YES;
				CLANG_WARN_INT_CONVERSION = YES;
				CLANG_WARN_NON_LITERAL_NULL_CONVERSION = YES;
				CLANG_WARN_OBJC_IMPLICIT_RETAIN_SELF = YES;
				CLANG_WARN_OBJC_LITERAL_CONVERSION = YES;
				CLANG_WARN_OBJC_ROOT_CLASS = YES_ERROR;
				CLANG_WARN_QUOTED_INCLUDE_IN_FRAMEWORK_HEADER = YES;
				CLANG_WARN_RANGE_LOOP_ANALYSIS = YES;
				CLANG_WARN_STRICT_PROTOTYPES = YES;
				CLANG_WARN_SUSPICIOUS_MOVE = YES;
				CLANG_WARN_UNGUARDED_AVAILABILITY = YES_AGGRESSIVE;
				CLANG_WARN_UNREACHABLE_CODE = YES;
				CLANG_WARN__DUPLICATE_METHOD_MATCH = YES;
				COPY_PHASE_STRIP = NO;
				DEBUG_INFORMATION_FORMAT = dwarf;
				ENABLE_STRICT_OBJC_MSGSEND = YES;
				ENABLE_TESTABILITY = YES;
				GCC_C_LANGUAGE_STANDARD = gnu11;
				GCC_DYNAMIC_NO_PIC = NO;
				GCC_NO_COMMON_BLOCKS = YES;
				GCC_OPTIMIZATION_LEVEL = 0;
				GCC_PREPROCESSOR_DEFINITIONS = (
					"DEBUG=1",
					"$(inherited)",
				);
				GCC_WARN_64_TO_32_BIT_CONVERSION = YES;
				GCC_WARN_ABOUT_RETURN_TYPE = YES_ERROR;
				GCC_WARN_UNDECLARED_SELECTOR = YES;
				GCC_WARN_UNINITIALIZED_AUTOS = YES_AGGRESSIVE;
				GCC_WARN_UNUSED_FUNCTION = YES;
				GCC_WARN_UNUSED_VARIABLE = YES;
				IPHONEOS_DEPLOYMENT_TARGET = 16.2;
				MTL_ENABLE_DEBUG_INFO = INCLUDE_SOURCE;
				MTL_FAST_MATH = YES;
				ONLY_ACTIVE_ARCH = YES;
				SDKROOT = iphoneos;
				SWIFT_ACTIVE_COMPILATION_CONDITIONS = DEBUG;
				SWIFT_OPTIMIZATION_LEVEL = "-Onone";
			};
			name = Debug;
		};
		7C893B29296BB933008C4128 /* Release */ = {
			isa = XCBuildConfiguration;
			buildSettings = {
				ALWAYS_SEARCH_USER_PATHS = NO;
				CLANG_ANALYZER_NONNULL = YES;
				CLANG_ANALYZER_NUMBER_OBJECT_CONVERSION = YES_AGGRESSIVE;
				CLANG_CXX_LANGUAGE_STANDARD = "gnu++20";
				CLANG_ENABLE_MODULES = YES;
				CLANG_ENABLE_OBJC_ARC = YES;
				CLANG_ENABLE_OBJC_WEAK = YES;
				CLANG_WARN_BLOCK_CAPTURE_AUTORELEASING = YES;
				CLANG_WARN_BOOL_CONVERSION = YES;
				CLANG_WARN_COMMA = YES;
				CLANG_WARN_CONSTANT_CONVERSION = YES;
				CLANG_WARN_DEPRECATED_OBJC_IMPLEMENTATIONS = YES;
				CLANG_WARN_DIRECT_OBJC_ISA_USAGE = YES_ERROR;
				CLANG_WARN_DOCUMENTATION_COMMENTS = YES;
				CLANG_WARN_EMPTY_BODY = YES;
				CLANG_WARN_ENUM_CONVERSION = YES;
				CLANG_WARN_INFINITE_RECURSION = YES;
				CLANG_WARN_INT_CONVERSION = YES;
				CLANG_WARN_NON_LITERAL_NULL_CONVERSION = YES;
				CLANG_WARN_OBJC_IMPLICIT_RETAIN_SELF = YES;
				CLANG_WARN_OBJC_LITERAL_CONVERSION = YES;
				CLANG_WARN_OBJC_ROOT_CLASS = YES_ERROR;
				CLANG_WARN_QUOTED_INCLUDE_IN_FRAMEWORK_HEADER = YES;
				CLANG_WARN_RANGE_LOOP_ANALYSIS = YES;
				CLANG_WARN_STRICT_PROTOTYPES = YES;
				CLANG_WARN_SUSPICIOUS_MOVE = YES;
				CLANG_WARN_UNGUARDED_AVAILABILITY = YES_AGGRESSIVE;
				CLANG_WARN_UNREACHABLE_CODE = YES;
				CLANG_WARN__DUPLICATE_METHOD_MATCH = YES;
				COPY_PHASE_STRIP = NO;
				DEBUG_INFORMATION_FORMAT = "dwarf-with-dsym";
				ENABLE_NS_ASSERTIONS = NO;
				ENABLE_STRICT_OBJC_MSGSEND = YES;
				GCC_C_LANGUAGE_STANDARD = gnu11;
				GCC_NO_COMMON_BLOCKS = YES;
				GCC_WARN_64_TO_32_BIT_CONVERSION = YES;
				GCC_WARN_ABOUT_RETURN_TYPE = YES_ERROR;
				GCC_WARN_UNDECLARED_SELECTOR = YES;
				GCC_WARN_UNINITIALIZED_AUTOS = YES_AGGRESSIVE;
				GCC_WARN_UNUSED_FUNCTION = YES;
				GCC_WARN_UNUSED_VARIABLE = YES;
				IPHONEOS_DEPLOYMENT_TARGET = 16.2;
				MTL_ENABLE_DEBUG_INFO = NO;
				MTL_FAST_MATH = YES;
				SDKROOT = iphoneos;
				SWIFT_COMPILATION_MODE = wholemodule;
				SWIFT_OPTIMIZATION_LEVEL = "-O";
				VALIDATE_PRODUCT = YES;
			};
			name = Release;
		};
		7C893B2B296BB933008C4128 /* Debug */ = {
			isa = XCBuildConfiguration;
			buildSettings = {
				ASSETCATALOG_COMPILER_APPICON_NAME = AppIcon;
				ASSETCATALOG_COMPILER_GLOBAL_ACCENT_COLOR_NAME = AccentColor;
				CODE_SIGN_STYLE = Automatic;
				CURRENT_PROJECT_VERSION = 1;
				DEVELOPMENT_ASSET_PATHS = "\"T20230109/Preview Content\"";
				DEVELOPMENT_TEAM = F9L94B5MBK;
				ENABLE_PREVIEWS = YES;
				GENERATE_INFOPLIST_FILE = YES;
				INFOPLIST_KEY_UIApplicationSceneManifest_Generation = YES;
				INFOPLIST_KEY_UIApplicationSupportsIndirectInputEvents = YES;
				INFOPLIST_KEY_UILaunchScreen_Generation = YES;
				INFOPLIST_KEY_UISupportedInterfaceOrientations_iPad = "UIInterfaceOrientationPortrait UIInterfaceOrientationPortraitUpsideDown UIInterfaceOrientationLandscapeLeft UIInterfaceOrientationLandscapeRight";
				INFOPLIST_KEY_UISupportedInterfaceOrientations_iPhone = "UIInterfaceOrientationPortrait UIInterfaceOrientationLandscapeLeft UIInterfaceOrientationLandscapeRight";
				LD_RUNPATH_SEARCH_PATHS = (
					"$(inherited)",
					"@executable_path/Frameworks",
				);
				MARKETING_VERSION = 1.0;
				PRODUCT_BUNDLE_IDENTIFIER = com.haku.myapp.T20230109;
				PRODUCT_NAME = "$(TARGET_NAME)";
				SWIFT_EMIT_LOC_STRINGS = YES;
				SWIFT_VERSION = 5.0;
				TARGETED_DEVICE_FAMILY = "1,2";
			};
			name = Debug;
		};
		7C893B2C296BB933008C4128 /* Release */ = {
			isa = XCBuildConfiguration;
			buildSettings = {
				ASSETCATALOG_COMPILER_APPICON_NAME = AppIcon;
				ASSETCATALOG_COMPILER_GLOBAL_ACCENT_COLOR_NAME = AccentColor;
				CODE_SIGN_STYLE = Automatic;
				CURRENT_PROJECT_VERSION = 1;
				DEVELOPMENT_ASSET_PATHS = "\"T20230109/Preview Content\"";
				DEVELOPMENT_TEAM = F9L94B5MBK;
				ENABLE_PREVIEWS = YES;
				GENERATE_INFOPLIST_FILE = YES;
				INFOPLIST_KEY_UIApplicationSceneManifest_Generation = YES;
				INFOPLIST_KEY_UIApplicationSupportsIndirectInputEvents = YES;
				INFOPLIST_KEY_UILaunchScreen_Generation = YES;
				INFOPLIST_KEY_UISupportedInterfaceOrientations_iPad = "UIInterfaceOrientationPortrait UIInterfaceOrientationPortraitUpsideDown UIInterfaceOrientationLandscapeLeft UIInterfaceOrientationLandscapeRight";
				INFOPLIST_KEY_UISupportedInterfaceOrientations_iPhone = "UIInterfaceOrientationPortrait UIInterfaceOrientationLandscapeLeft UIInterfaceOrientationLandscapeRight";
				LD_RUNPATH_SEARCH_PATHS = (
					"$(inherited)",
					"@executable_path/Frameworks",
				);
				MARKETING_VERSION = 1.0;
				PRODUCT_BUNDLE_IDENTIFIER = com.haku.myapp.T20230109;
				PRODUCT_NAME = "$(TARGET_NAME)";
				SWIFT_EMIT_LOC_STRINGS = YES;
				SWIFT_VERSION = 5.0;
				TARGETED_DEVICE_FAMILY = "1,2";
			};
			name = Release;
		};
		7C893B2E296BB933008C4128 /* Debug */ = {
			isa = XCBuildConfiguration;
			buildSettings = {
				ALWAYS_EMBED_SWIFT_STANDARD_LIBRARIES = YES;
				BUNDLE_LOADER = "$(TEST_HOST)";
				CODE_SIGN_STYLE = Automatic;
				CURRENT_PROJECT_VERSION = 1;
				DEVELOPMENT_TEAM = F9L94B5MBK;
				GENERATE_INFOPLIST_FILE = YES;
				IPHONEOS_DEPLOYMENT_TARGET = 16.2;
				MARKETING_VERSION = 1.0;
				PRODUCT_BUNDLE_IDENTIFIER = com.haku.myapp.T20230109Tests;
				PRODUCT_NAME = "$(TARGET_NAME)";
				SWIFT_EMIT_LOC_STRINGS = NO;
				SWIFT_VERSION = 5.0;
				TARGETED_DEVICE_FAMILY = "1,2";
				TEST_HOST = "$(BUILT_PRODUCTS_DIR)/T20230109.app/$(BUNDLE_EXECUTABLE_FOLDER_PATH)/T20230109";
			};
			name = Debug;
		};
		7C893B2F296BB933008C4128 /* Release */ = {
			isa = XCBuildConfiguration;
			buildSettings = {
				ALWAYS_EMBED_SWIFT_STANDARD_LIBRARIES = YES;
				BUNDLE_LOADER = "$(TEST_HOST)";
				CODE_SIGN_STYLE = Automatic;
				CURRENT_PROJECT_VERSION = 1;
				DEVELOPMENT_TEAM = F9L94B5MBK;
				GENERATE_INFOPLIST_FILE = YES;
				IPHONEOS_DEPLOYMENT_TARGET = 16.2;
				MARKETING_VERSION = 1.0;
				PRODUCT_BUNDLE_IDENTIFIER = com.haku.myapp.T20230109Tests;
				PRODUCT_NAME = "$(TARGET_NAME)";
				SWIFT_EMIT_LOC_STRINGS = NO;
				SWIFT_VERSION = 5.0;
				TARGETED_DEVICE_FAMILY = "1,2";
				TEST_HOST = "$(BUILT_PRODUCTS_DIR)/T20230109.app/$(BUNDLE_EXECUTABLE_FOLDER_PATH)/T20230109";
			};
			name = Release;
		};
		7C893B31296BB933008C4128 /* Debug */ = {
			isa = XCBuildConfiguration;
			buildSettings = {
				ALWAYS_EMBED_SWIFT_STANDARD_LIBRARIES = YES;
				CODE_SIGN_STYLE = Automatic;
				CURRENT_PROJECT_VERSION = 1;
				DEVELOPMENT_TEAM = F9L94B5MBK;
				GENERATE_INFOPLIST_FILE = YES;
				MARKETING_VERSION = 1.0;
				PRODUCT_BUNDLE_IDENTIFIER = com.haku.myapp.T20230109UITests;
				PRODUCT_NAME = "$(TARGET_NAME)";
				SWIFT_EMIT_LOC_STRINGS = NO;
				SWIFT_VERSION = 5.0;
				TARGETED_DEVICE_FAMILY = "1,2";
				TEST_TARGET_NAME = T20230109;
			};
			name = Debug;
		};
		7C893B32296BB933008C4128 /* Release */ = {
			isa = XCBuildConfiguration;
			buildSettings = {
				ALWAYS_EMBED_SWIFT_STANDARD_LIBRARIES = YES;
				CODE_SIGN_STYLE = Automatic;
				CURRENT_PROJECT_VERSION = 1;
				DEVELOPMENT_TEAM = F9L94B5MBK;
				GENERATE_INFOPLIST_FILE = YES;
				MARKETING_VERSION = 1.0;
				PRODUCT_BUNDLE_IDENTIFIER = com.haku.myapp.T20230109UITests;
				PRODUCT_NAME = "$(TARGET_NAME)";
				SWIFT_EMIT_LOC_STRINGS = NO;
				SWIFT_VERSION = 5.0;
				TARGETED_DEVICE_FAMILY = "1,2";
				TEST_TARGET_NAME = T20230109;
			};
			name = Release;
		};
/* End XCBuildConfiguration section */

/* Begin XCConfigurationList section */
		7C893B01296BB930008C4128 /* Build configuration list for PBXProject "T20230109" */ = {
			isa = XCConfigurationList;
			buildConfigurations = (
				7C893B28296BB933008C4128 /* Debug */,
				7C893B29296BB933008C4128 /* Release */,
			);
			defaultConfigurationIsVisible = 0;
			defaultConfigurationName = Release;
		};
		7C893B2A296BB933008C4128 /* Build configuration list for PBXNativeTarget "T20230109" */ = {
			isa = XCConfigurationList;
			buildConfigurations = (
				7C893B2B296BB933008C4128 /* Debug */,
				7C893B2C296BB933008C4128 /* Release */,
			);
			defaultConfigurationIsVisible = 0;
			defaultConfigurationName = Release;
		};
		7C893B2D296BB933008C4128 /* Build configuration list for PBXNativeTarget "T20230109Tests" */ = {
			isa = XCConfigurationList;
			buildConfigurations = (
				7C893B2E296BB933008C4128 /* Debug */,
				7C893B2F296BB933008C4128 /* Release */,
			);
			defaultConfigurationIsVisible = 0;
			defaultConfigurationName = Release;
		};
		7C893B30296BB933008C4128 /* Build configuration list for PBXNativeTarget "T20230109UITests" */ = {
			isa = XCConfigurationList;
			buildConfigurations = (
				7C893B31296BB933008C4128 /* Debug */,
				7C893B32296BB933008C4128 /* Release */,
			);
			defaultConfigurationIsVisible = 0;
			defaultConfigurationName = Release;
		};
/* End XCConfigurationList section */
	};
	rootObject = 7C893AFE296BB930008C4128 /* Project object */;
}
